
Microsoft Visual Studio Solution File, Format Version 12.00
# Visual Studio Version 17
VisualStudioVersion = 17.1.32328.378
MinimumVisualStudioVersion = 10.0.40219.1
Project("{FAE04EC0-301F-11D3-BF4B-00C04F79EFBC}") = "NimmalaWeek5", "NimmalaWeek5\NimmalaWeek5.csproj", "{D3E7A013-757C-4C48-B12E-33544EA54C8D}"
EndProject
Global
	GlobalSection(SolutionConfigurationPlatforms) = preSolution
		Debug|Any CPU = Debug|Any CPU
		Release|Any CPU = Release|Any CPU
	EndGlobalSection
	GlobalSection(ProjectConfigurationPlatforms) = postSolution
		{D3E7A013-757C-4C48-B12E-33544EA54C8D}.Debug|Any CPU.ActiveCfg = Debug|Any CPU
		{D3E7A013-757C-4C48-B12E-33544EA54C8D}.Debug|Any CPU.Build.0 = Debug|Any CPU
		{D3E7A013-757C-4C48-B12E-33544EA54C8D}.Release|Any CPU.ActiveCfg = Release|Any CPU
		{D3E7A013-757C-4C48-B12E-33544EA54C8D}.Release|Any CPU.Build.0 = Release|Any CPU
	EndGlobalSection
	GlobalSection(SolutionProperties) = preSolution
		HideSolutionNode = FALSE
	EndGlobalSection
	GlobalSection(ExtensibilityGlobals) = postSolution
		SolutionGuid = {453B6EE2-CB25-40EF-8D49-48C4D576DCD1}
	EndGlobalSection
EndGlobal
