
Microsoft Visual Studio Solution File, Format Version 12.00
# Visual Studio Version 17
VisualStudioVersion = 17.1.32328.378
MinimumVisualStudioVersion = 10.0.40219.1
Project("{FAE04EC0-301F-11D3-BF4B-00C04F79EFBC}") = "NimmalaWeek6", "NimmalaWeek6\NimmalaWeek6.csproj", "{8E361B21-757C-464B-B8A9-1C93D7C2EC75}"
EndProject
Global
	GlobalSection(SolutionConfigurationPlatforms) = preSolution
		Debug|Any CPU = Debug|Any CPU
		Release|Any CPU = Release|Any CPU
	EndGlobalSection
	GlobalSection(ProjectConfigurationPlatforms) = postSolution
		{8E361B21-757C-464B-B8A9-1C93D7C2EC75}.Debug|Any CPU.ActiveCfg = Debug|Any CPU
		{8E361B21-757C-464B-B8A9-1C93D7C2EC75}.Debug|Any CPU.Build.0 = Debug|Any CPU
		{8E361B21-757C-464B-B8A9-1C93D7C2EC75}.Release|Any CPU.ActiveCfg = Release|Any CPU
		{8E361B21-757C-464B-B8A9-1C93D7C2EC75}.Release|Any CPU.Build.0 = Release|Any CPU
	EndGlobalSection
	GlobalSection(SolutionProperties) = preSolution
		HideSolutionNode = FALSE
	EndGlobalSection
	GlobalSection(ExtensibilityGlobals) = postSolution
		SolutionGuid = {CE7BEC73-A71F-48CB-94E7-9EAEF65D0D51}
	EndGlobalSection
EndGlobal
