
Microsoft Visual Studio Solution File, Format Version 12.00
# Visual Studio Version 17
VisualStudioVersion = 17.1.32328.378
MinimumVisualStudioVersion = 10.0.40219.1
Project("{FAE04EC0-301F-11D3-BF4B-00C04F79EFBC}") = "p3", "p3\p3.csproj", "{98F70E3F-6A02-4823-AC0E-2937C3851089}"
EndProject
Global
	GlobalSection(SolutionConfigurationPlatforms) = preSolution
		Debug|Any CPU = Debug|Any CPU
		Release|Any CPU = Release|Any CPU
	EndGlobalSection
	GlobalSection(ProjectConfigurationPlatforms) = postSolution
		{98F70E3F-6A02-4823-AC0E-2937C3851089}.Debug|Any CPU.ActiveCfg = Debug|Any CPU
		{98F70E3F-6A02-4823-AC0E-2937C3851089}.Debug|Any CPU.Build.0 = Debug|Any CPU
		{98F70E3F-6A02-4823-AC0E-2937C3851089}.Release|Any CPU.ActiveCfg = Release|Any CPU
		{98F70E3F-6A02-4823-AC0E-2937C3851089}.Release|Any CPU.Build.0 = Release|Any CPU
	EndGlobalSection
	GlobalSection(SolutionProperties) = preSolution
		HideSolutionNode = FALSE
	EndGlobalSection
	GlobalSection(ExtensibilityGlobals) = postSolution
		SolutionGuid = {FA4A4D7B-4E23-49A5-A2D2-83E68F6BD105}
	EndGlobalSection
EndGlobal
